
Microsoft Visual Studio Solution File, Format Version 12.00
# Visual Studio Version 17
VisualStudioVersion = 17.2.32630.192
MinimumVisualStudioVersion = 10.0.40219.1
Project("{9A19103F-16F7-4668-BE54-9A1E7A4F7556}") = "Clothes Shop", "Clothes Shop\Clothes Shop.csproj", "{7AB1AE55-94C4-46CC-BDCC-22F473C0DF79}"
EndProject
Project("{9A19103F-16F7-4668-BE54-9A1E7A4F7556}") = "DAL", "DAL\DAL.csproj", "{D7BC2933-E688-4AC0-8681-A1262DF6F638}"
EndProject
Global
	GlobalSection(SolutionConfigurationPlatforms) = preSolution
		Debug|Any CPU = Debug|Any CPU
		Release|Any CPU = Release|Any CPU
	EndGlobalSection
	GlobalSection(ProjectConfigurationPlatforms) = postSolution
		{7AB1AE55-94C4-46CC-BDCC-22F473C0DF79}.Debug|Any CPU.ActiveCfg = Debug|Any CPU
		{7AB1AE55-94C4-46CC-BDCC-22F473C0DF79}.Debug|Any CPU.Build.0 = Debug|Any CPU
		{7AB1AE55-94C4-46CC-BDCC-22F473C0DF79}.Release|Any CPU.ActiveCfg = Release|Any CPU
		{7AB1AE55-94C4-46CC-BDCC-22F473C0DF79}.Release|Any CPU.Build.0 = Release|Any CPU
		{D7BC2933-E688-4AC0-8681-A1262DF6F638}.Debug|Any CPU.ActiveCfg = Debug|Any CPU
		{D7BC2933-E688-4AC0-8681-A1262DF6F638}.Debug|Any CPU.Build.0 = Debug|Any CPU
		{D7BC2933-E688-4AC0-8681-A1262DF6F638}.Release|Any CPU.ActiveCfg = Release|Any CPU
		{D7BC2933-E688-4AC0-8681-A1262DF6F638}.Release|Any CPU.Build.0 = Release|Any CPU
	EndGlobalSection
	GlobalSection(SolutionProperties) = preSolution
		HideSolutionNode = FALSE
	EndGlobalSection
	GlobalSection(ExtensibilityGlobals) = postSolution
		SolutionGuid = {B7E8B4E7-6797-4198-8A7E-EF92622FCB2F}
	EndGlobalSection
EndGlobal
